
Microsoft Visual Studio Solution File, Format Version 12.00
# Visual Studio Version 17
VisualStudioVersion = 17.1.32328.378
MinimumVisualStudioVersion = 10.0.40219.1
Project("{FAE04EC0-301F-11D3-BF4B-00C04F79EFBC}") = "metube", "metube\metube.csproj", "{1BBD89A1-6CF4-4AE7-9082-DDE584DF93AF}"
EndProject
Global
	GlobalSection(SolutionConfigurationPlatforms) = preSolution
		Debug|Any CPU = Debug|Any CPU
		Release|Any CPU = Release|Any CPU
	EndGlobalSection
	GlobalSection(ProjectConfigurationPlatforms) = postSolution
		{1BBD89A1-6CF4-4AE7-9082-DDE584DF93AF}.Debug|Any CPU.ActiveCfg = Debug|Any CPU
		{1BBD89A1-6CF4-4AE7-9082-DDE584DF93AF}.Debug|Any CPU.Build.0 = Debug|Any CPU
		{1BBD89A1-6CF4-4AE7-9082-DDE584DF93AF}.Release|Any CPU.ActiveCfg = Release|Any CPU
		{1BBD89A1-6CF4-4AE7-9082-DDE584DF93AF}.Release|Any CPU.Build.0 = Release|Any CPU
	EndGlobalSection
	GlobalSection(SolutionProperties) = preSolution
		HideSolutionNode = FALSE
	EndGlobalSection
	GlobalSection(ExtensibilityGlobals) = postSolution
		SolutionGuid = {867553E0-D84A-43B9-8CE2-2C386199C248}
	EndGlobalSection
EndGlobal
